
Microsoft Visual Studio Solution File, Format Version 12.00
# Visual Studio Version 16
VisualStudioVersion = 25.0.1704.3
MinimumVisualStudioVersion = 10.0.40219.1
Project("{FAE04EC0-301F-11D3-BF4B-00C04F79EFBC}") = "Publisher", "Publisher\Publisher.csproj", "{0DCA81D6-4F60-4FB5-88C5-E0B759C7CDBC}"
EndProject
Project("{FAE04EC0-301F-11D3-BF4B-00C04F79EFBC}") = "Consumer", "Consumer\Consumer.csproj", "{DB827345-4BE2-4579-9AF9-5D6608A51F6C}"
EndProject
Global
	GlobalSection(SolutionConfigurationPlatforms) = preSolution
		Debug|Any CPU = Debug|Any CPU
		Release|Any CPU = Release|Any CPU
	EndGlobalSection
	GlobalSection(ProjectConfigurationPlatforms) = postSolution
		{0DCA81D6-4F60-4FB5-88C5-E0B759C7CDBC}.Debug|Any CPU.ActiveCfg = Debug|Any CPU
		{0DCA81D6-4F60-4FB5-88C5-E0B759C7CDBC}.Debug|Any CPU.Build.0 = Debug|Any CPU
		{0DCA81D6-4F60-4FB5-88C5-E0B759C7CDBC}.Release|Any CPU.ActiveCfg = Release|Any CPU
		{0DCA81D6-4F60-4FB5-88C5-E0B759C7CDBC}.Release|Any CPU.Build.0 = Release|Any CPU
		{DB827345-4BE2-4579-9AF9-5D6608A51F6C}.Debug|Any CPU.ActiveCfg = Debug|Any CPU
		{DB827345-4BE2-4579-9AF9-5D6608A51F6C}.Debug|Any CPU.Build.0 = Debug|Any CPU
		{DB827345-4BE2-4579-9AF9-5D6608A51F6C}.Release|Any CPU.ActiveCfg = Release|Any CPU
		{DB827345-4BE2-4579-9AF9-5D6608A51F6C}.Release|Any CPU.Build.0 = Release|Any CPU
	EndGlobalSection
	GlobalSection(SolutionProperties) = preSolution
		HideSolutionNode = FALSE
	EndGlobalSection
	GlobalSection(ExtensibilityGlobals) = postSolution
		SolutionGuid = {9606188F-7DB6-4B72-B12F-78FBF2CF4982}
	EndGlobalSection
EndGlobal
